{
  "nodes": {
    "nix-darwin": {
      "inputs": {
        "nixpkgs": [
          "nixpkgs"
        ]
      },
      "locked": {
        "lastModified": 1729757100,
        "narHash": "sha256-x+8uGaX66V5+fUBHY23Q/OQyibQ38nISzxgj7A7Jqds=",
        "owner": "LnL7",
        "repo": "nix-darwin",
        "rev": "04193f188e4144d7047f83ad1de81d6034d175cd",
        "type": "github"
      },
      "original": {
        "owner": "LnL7",
        "repo": "nix-darwin",
        "type": "github"
      }
    },
    "nixpkgs": {
      "locked": {
        "lastModified": 1729742518,
        "narHash": "sha256-6SPJYQM4jnYL/ADHvar9ZwlWQ5PaNNpxqWXpxocu8Ok=",
        "owner": "NixOS",
        "repo": "nixpkgs",
        "rev": "f4602b7ed5f756364e98ae9bfa8eeedc70ca301e",
        "type": "github"
      },
      "original": {
        "owner": "NixOS",
        "ref": "nixpkgs-24.05-darwin",
        "repo": "nixpkgs",
        "type": "github"
      }
    },
    "root": {
      "inputs": {
        "nix-darwin": "nix-darwin",
        "nixpkgs": "nixpkgs"
      }
    }
  },
  "root": "root",
  "version": 7
}
